// !$*UTF8*$!
{
	archiveVersion = 1;
	classes = {
	};
	objectVersion = 56;
	objects = {

/* Begin PBXBuildFile section */
		5EF5B7F62BA301BC00B5A79F /* AppDelegate.swift in Sources */ = {isa = PBXBuildFile; fileRef = 5EF5B7F52BA301BC00B5A79F /* AppDelegate.swift */; };
		5EF5B7F82BA301BC00B5A79F /* SceneDelegate.swift in Sources */ = {isa = PBXBuildFile; fileRef = 5EF5B7F72BA301BC00B5A79F /* SceneDelegate.swift */; };
		5EF5B7FA2BA301BC00B5A79F /* ViewController.swift in Sources */ = {isa = PBXBuildFile; fileRef = 5EF5B7F92BA301BC00B5A79F /* ViewController.swift */; };
		5EF5B7FD2BA301BC00B5A79F /* Base in Resources */ = {isa = PBXBuildFile; fileRef = 5EF5B7FC2BA301BC00B5A79F /* Base */; };
		5EF5B7FF2BA301BD00B5A79F /* Assets.xcassets in Resources */ = {isa = PBXBuildFile; fileRef = 5EF5B7FE2BA301BD00B5A79F /* Assets.xcassets */; };
		5EF5B8022BA301BD00B5A79F /* Base in Resources */ = {isa = PBXBuildFile; fileRef = 5EF5B8012BA301BD00B5A79F /* Base */; };
		5EF5B8272BA3040F00B5A79F /* SquareTableViewCell.swift in Sources */ = {isa = PBXBuildFile; fileRef = 5EF5B8262BA3040F00B5A79F /* SquareTableViewCell.swift */; };
/* End PBXBuildFile section */

/* Begin PBXContainerItemProxy section */
		5EF5B8092BA301BD00B5A79F /* PBXContainerItemProxy */ = {
			isa = PBXContainerItemProxy;
			containerPortal = 5EF5B7EA2BA301BB00B5A79F /* Project object */;
			proxyType = 1;
			remoteGlobalIDString = 5EF5B7F12BA301BB00B5A79F;
			remoteInfo = Test1;
		};
		5EF5B8132BA301BD00B5A79F /* PBXContainerItemProxy */ = {
			isa = PBXContainerItemProxy;
			containerPortal = 5EF5B7EA2BA301BB00B5A79F /* Project object */;
			proxyType = 1;
			remoteGlobalIDString = 5EF5B7F12BA301BB00B5A79F;
			remoteInfo = Test1;
		};
/* End PBXContainerItemProxy section */

/* Begin PBXFileReference section */
		5EF5B7F22BA301BB00B5A79F /* Test1.app */ = {isa = PBXFileReference; explicitFileType = wrapper.application; includeInIndex = 0; path = Test1.app; sourceTree = BUILT_PRODUCTS_DIR; };
		5EF5B7F52BA301BC00B5A79F /* AppDelegate.swift */ = {isa = PBXFileReference; lastKnownFileType = sourcecode.swift; path = AppDelegate.swift; sourceTree = "<group>"; };
		5EF5B7F72BA301BC00B5A79F /* SceneDelegate.swift */ = {isa = PBXFileReference; lastKnownFileType = sourcecode.swift; path = SceneDelegate.swift; sourceTree = "<group>"; };
		5EF5B7F92BA301BC00B5A79F /* ViewController.swift */ = {isa = PBXFileReference; lastKnownFileType = sourcecode.swift; path = ViewController.swift; sourceTree = "<group>"; };
		5EF5B7FC2BA301BC00B5A79F /* Base */ = {isa = PBXFileReference; lastKnownFileType = file.storyboard; name = Base; path = Base.lproj/Main.storyboard; sourceTree = "<group>"; };
		5EF5B7FE2BA301BD00B5A79F /* Assets.xcassets */ = {isa = PBXFileReference; lastKnownFileType = folder.assetcatalog; path = Assets.xcassets; sourceTree = "<group>"; };
		5EF5B8012BA301BD00B5A79F /* Base */ = {isa = PBXFileReference; lastKnownFileType = file.storyboard; name = Base; path = Base.lproj/LaunchScreen.storyboard; sourceTree = "<group>"; };
		5EF5B8032BA301BD00B5A79F /* Info.plist */ = {isa = PBXFileReference; lastKnownFileType = text.plist.xml; path = Info.plist; sourceTree = "<group>"; };
		5EF5B8082BA301BD00B5A79F /* Test1Tests.xctest */ = {isa = PBXFileReference; explicitFileType = wrapper.cfbundle; includeInIndex = 0; path = Test1Tests.xctest; sourceTree = BUILT_PRODUCTS_DIR; };
		5EF5B8122BA301BD00B5A79F /* Test1UITests.xctest */ = {isa = PBXFileReference; explicitFileType = wrapper.cfbundle; includeInIndex = 0; path = Test1UITests.xctest; sourceTree = BUILT_PRODUCTS_DIR; };
		5EF5B8262BA3040F00B5A79F /* SquareTableViewCell.swift */ = {isa = PBXFileReference; lastKnownFileType = sourcecode.swift; path = SquareTableViewCell.swift; sourceTree = "<group>"; };
/* End PBXFileReference section */

/* Begin PBXFrameworksBuildPhase section */
		5EF5B7EF2BA301BB00B5A79F /* Frameworks */ = {
			isa = PBXFrameworksBuildPhase;
			buildActionMask = 2147483647;
			files = (
			);
			runOnlyForDeploymentPostprocessing = 0;
		};
		5EF5B8052BA301BD00B5A79F /* Frameworks */ = {
			isa = PBXFrameworksBuildPhase;
			buildActionMask = 2147483647;
			files = (
			);
			runOnlyForDeploymentPostprocessing = 0;
		};
		5EF5B80F2BA301BD00B5A79F /* Frameworks */ = {
			isa = PBXFrameworksBuildPhase;
			buildActionMask = 2147483647;
			files = (
			);
			runOnlyForDeploymentPostprocessing = 0;
		};
/* End PBXFrameworksBuildPhase section */

/* Begin PBXGroup section */
		5EF5B7E92BA301BB00B5A79F = {
			isa = PBXGroup;
			children = (
				5EF5B7F42BA301BC00B5A79F /* OmgTest */,
				5EF5B7F32BA301BB00B5A79F /* Products */,
			);
			sourceTree = "<group>";
		};
		5EF5B7F32BA301BB00B5A79F /* Products */ = {
			isa = PBXGroup;
			children = (
				5EF5B7F22BA301BB00B5A79F /* Test1.app */,
				5EF5B8082BA301BD00B5A79F /* Test1Tests.xctest */,
				5EF5B8122BA301BD00B5A79F /* Test1UITests.xctest */,
			);
			name = Products;
			sourceTree = "<group>";
		};
		5EF5B7F42BA301BC00B5A79F /* OmgTest */ = {
			isa = PBXGroup;
			children = (
				5EF5B8252BA303F700B5A79F /* Cell */,
				5EF5B7F52BA301BC00B5A79F /* AppDelegate.swift */,
				5EF5B7F72BA301BC00B5A79F /* SceneDelegate.swift */,
				5EF5B7F92BA301BC00B5A79F /* ViewController.swift */,
				5EF5B7FB2BA301BC00B5A79F /* Main.storyboard */,
				5EF5B7FE2BA301BD00B5A79F /* Assets.xcassets */,
				5EF5B8002BA301BD00B5A79F /* LaunchScreen.storyboard */,
				5EF5B8032BA301BD00B5A79F /* Info.plist */,
			);
			path = OmgTest;
			sourceTree = "<group>";
		};
		5EF5B8252BA303F700B5A79F /* Cell */ = {
			isa = PBXGroup;
			children = (
				5EF5B8262BA3040F00B5A79F /* SquareTableViewCell.swift */,
			);
			path = Cell;
			sourceTree = "<group>";
		};
/* End PBXGroup section */

/* Begin PBXNativeTarget section */
		5EF5B7F12BA301BB00B5A79F /* Test1 */ = {
			isa = PBXNativeTarget;
			buildConfigurationList = 5EF5B81C2BA301BD00B5A79F /* Build configuration list for PBXNativeTarget "Test1" */;
			buildPhases = (
				5EF5B7EE2BA301BB00B5A79F /* Sources */,
				5EF5B7EF2BA301BB00B5A79F /* Frameworks */,
				5EF5B7F02BA301BB00B5A79F /* Resources */,
			);
			buildRules = (
			);
			dependencies = (
			);
			name = Test1;
			productName = Test1;
			productReference = 5EF5B7F22BA301BB00B5A79F /* Test1.app */;
			productType = "com.apple.product-type.application";
		};
		5EF5B8072BA301BD00B5A79F /* Test1Tests */ = {
			isa = PBXNativeTarget;
			buildConfigurationList = 5EF5B81F2BA301BD00B5A79F /* Build configuration list for PBXNativeTarget "Test1Tests" */;
			buildPhases = (
				5EF5B8042BA301BD00B5A79F /* Sources */,
				5EF5B8052BA301BD00B5A79F /* Frameworks */,
				5EF5B8062BA301BD00B5A79F /* Resources */,
			);
			buildRules = (
			);
			dependencies = (
				5EF5B80A2BA301BD00B5A79F /* PBXTargetDependency */,
			);
			name = Test1Tests;
			productName = Test1Tests;
			productReference = 5EF5B8082BA301BD00B5A79F /* Test1Tests.xctest */;
			productType = "com.apple.product-type.bundle.unit-test";
		};
		5EF5B8112BA301BD00B5A79F /* Test1UITests */ = {
			isa = PBXNativeTarget;
			buildConfigurationList = 5EF5B8222BA301BD00B5A79F /* Build configuration list for PBXNativeTarget "Test1UITests" */;
			buildPhases = (
				5EF5B80E2BA301BD00B5A79F /* Sources */,
				5EF5B80F2BA301BD00B5A79F /* Frameworks */,
				5EF5B8102BA301BD00B5A79F /* Resources */,
			);
			buildRules = (
			);
			dependencies = (
				5EF5B8142BA301BD00B5A79F /* PBXTargetDependency */,
			);
			name = Test1UITests;
			productName = Test1UITests;
			productReference = 5EF5B8122BA301BD00B5A79F /* Test1UITests.xctest */;
			productType = "com.apple.product-type.bundle.ui-testing";
		};
/* End PBXNativeTarget section */

/* Begin PBXProject section */
		5EF5B7EA2BA301BB00B5A79F /* Project object */ = {
			isa = PBXProject;
			attributes = {
				BuildIndependentTargetsInParallel = 1;
				LastSwiftUpdateCheck = 1530;
				LastUpgradeCheck = 1530;
				TargetAttributes = {
					5EF5B7F12BA301BB00B5A79F = {
						CreatedOnToolsVersion = 15.3;
					};
					5EF5B8072BA301BD00B5A79F = {
						CreatedOnToolsVersion = 15.3;
						TestTargetID = 5EF5B7F12BA301BB00B5A79F;
					};
					5EF5B8112BA301BD00B5A79F = {
						CreatedOnToolsVersion = 15.3;
						TestTargetID = 5EF5B7F12BA301BB00B5A79F;
					};
				};
			};
			buildConfigurationList = 5EF5B7ED2BA301BB00B5A79F /* Build configuration list for PBXProject "OmgTest" */;
			compatibilityVersion = "Xcode 14.0";
			developmentRegion = en;
			hasScannedForEncodings = 0;
			knownRegions = (
				en,
				Base,
			);
			mainGroup = 5EF5B7E92BA301BB00B5A79F;
			productRefGroup = 5EF5B7F32BA301BB00B5A79F /* Products */;
			projectDirPath = "";
			projectRoot = "";
			targets = (
				5EF5B7F12BA301BB00B5A79F /* Test1 */,
				5EF5B8072BA301BD00B5A79F /* Test1Tests */,
				5EF5B8112BA301BD00B5A79F /* Test1UITests */,
			);
		};
/* End PBXProject section */

/* Begin PBXResourcesBuildPhase section */
		5EF5B7F02BA301BB00B5A79F /* Resources */ = {
			isa = PBXResourcesBuildPhase;
			buildActionMask = 2147483647;
			files = (
				5EF5B7FF2BA301BD00B5A79F /* Assets.xcassets in Resources */,
				5EF5B8022BA301BD00B5A79F /* Base in Resources */,
				5EF5B7FD2BA301BC00B5A79F /* Base in Resources */,
			);
			runOnlyForDeploymentPostprocessing = 0;
		};
		5EF5B8062BA301BD00B5A79F /* Resources */ = {
			isa = PBXResourcesBuildPhase;
			buildActionMask = 2147483647;
			files = (
			);
			runOnlyForDeploymentPostprocessing = 0;
		};
		5EF5B8102BA301BD00B5A79F /* Resources */ = {
			isa = PBXResourcesBuildPhase;
			buildActionMask = 2147483647;
			files = (
			);
			runOnlyForDeploymentPostprocessing = 0;
		};
/* End PBXResourcesBuildPhase section */

/* Begin PBXSourcesBuildPhase section */
		5EF5B7EE2BA301BB00B5A79F /* Sources */ = {
			isa = PBXSourcesBuildPhase;
			buildActionMask = 2147483647;
			files = (
				5EF5B8272BA3040F00B5A79F /* SquareTableViewCell.swift in Sources */,
				5EF5B7FA2BA301BC00B5A79F /* ViewController.swift in Sources */,
				5EF5B7F62BA301BC00B5A79F /* AppDelegate.swift in Sources */,
				5EF5B7F82BA301BC00B5A79F /* SceneDelegate.swift in Sources */,
			);
			runOnlyForDeploymentPostprocessing = 0;
		};
		5EF5B8042BA301BD00B5A79F /* Sources */ = {
			isa = PBXSourcesBuildPhase;
			buildActionMask = 2147483647;
			files = (
			);
			runOnlyForDeploymentPostprocessing = 0;
		};
		5EF5B80E2BA301BD00B5A79F /* Sources */ = {
			isa = PBXSourcesBuildPhase;
			buildActionMask = 2147483647;
			files = (
			);
			runOnlyForDeploymentPostprocessing = 0;
		};
/* End PBXSourcesBuildPhase section */

/* Begin PBXTargetDependency section */
		5EF5B80A2BA301BD00B5A79F /* PBXTargetDependency */ = {
			isa = PBXTargetDependency;
			target = 5EF5B7F12BA301BB00B5A79F /* Test1 */;
			targetProxy = 5EF5B8092BA301BD00B5A79F /* PBXContainerItemProxy */;
		};
		5EF5B8142BA301BD00B5A79F /* PBXTargetDependency */ = {
			isa = PBXTargetDependency;
			target = 5EF5B7F12BA301BB00B5A79F /* Test1 */;
			targetProxy = 5EF5B8132BA301BD00B5A79F /* PBXContainerItemProxy */;
		};
/* End PBXTargetDependency section */

/* Begin PBXVariantGroup section */
		5EF5B7FB2BA301BC00B5A79F /* Main.storyboard */ = {
			isa = PBXVariantGroup;
			children = (
				5EF5B7FC2BA301BC00B5A79F /* Base */,
			);
			name = Main.storyboard;
			sourceTree = "<group>";
		};
		5EF5B8002BA301BD00B5A79F /* LaunchScreen.storyboard */ = {
			isa = PBXVariantGroup;
			children = (
				5EF5B8012BA301BD00B5A79F /* Base */,
			);
			name = LaunchScreen.storyboard;
			sourceTree = "<group>";
		};
/* End PBXVariantGroup section */

/* Begin XCBuildConfiguration section */
		5EF5B81A2BA301BD00B5A79F /* Debug */ = {
			isa = XCBuildConfiguration;
			buildSettings = {
				ALWAYS_SEARCH_USER_PATHS = NO;
				ASSETCATALOG_COMPILER_GENERATE_SWIFT_ASSET_SYMBOL_EXTENSIONS = YES;
				CLANG_ANALYZER_NONNULL = YES;
				CLANG_ANALYZER_NUMBER_OBJECT_CONVERSION = YES_AGGRESSIVE;
				CLANG_CXX_LANGUAGE_STANDARD = "gnu++20";
				CLANG_ENABLE_MODULES = YES;
				CLANG_ENABLE_OBJC_ARC = YES;
				CLANG_ENABLE_OBJC_WEAK = YES;
				CLANG_WARN_BLOCK_CAPTURE_AUTORELEASING = YES;
				CLANG_WARN_BOOL_CONVERSION = YES;
				CLANG_WARN_COMMA = YES;
				CLANG_WARN_CONSTANT_CONVERSION = YES;
				CLANG_WARN_DEPRECATED_OBJC_IMPLEMENTATIONS = YES;
				CLANG_WARN_DIRECT_OBJC_ISA_USAGE = YES_ERROR;
				CLANG_WARN_DOCUMENTATION_COMMENTS = YES;
				CLANG_WARN_EMPTY_BODY = YES;
				CLANG_WARN_ENUM_CONVERSION = YES;
				CLANG_WARN_INFINITE_RECURSION = YES;
				CLANG_WARN_INT_CONVERSION = YES;
				CLANG_WARN_NON_LITERAL_NULL_CONVERSION = YES;
				CLANG_WARN_OBJC_IMPLICIT_RETAIN_SELF = YES;
				CLANG_WARN_OBJC_LITERAL_CONVERSION = YES;
				CLANG_WARN_OBJC_ROOT_CLASS = YES_ERROR;
				CLANG_WARN_QUOTED_INCLUDE_IN_FRAMEWORK_HEADER = YES;
				CLANG_WARN_RANGE_LOOP_ANALYSIS = YES;
				CLANG_WARN_STRICT_PROTOTYPES = YES;
				CLANG_WARN_SUSPICIOUS_MOVE = YES;
				CLANG_WARN_UNGUARDED_AVAILABILITY = YES_AGGRESSIVE;
				CLANG_WARN_UNREACHABLE_CODE = YES;
				CLANG_WARN__DUPLICATE_METHOD_MATCH = YES;
				COPY_PHASE_STRIP = NO;
				DEBUG_INFORMATION_FORMAT = dwarf;
				ENABLE_STRICT_OBJC_MSGSEND = YES;
				ENABLE_TESTABILITY = YES;
				ENABLE_USER_SCRIPT_SANDBOXING = YES;
				GCC_C_LANGUAGE_STANDARD = gnu17;
				GCC_DYNAMIC_NO_PIC = NO;
				GCC_NO_COMMON_BLOCKS = YES;
				GCC_OPTIMIZATION_LEVEL = 0;
				GCC_PREPROCESSOR_DEFINITIONS = (
					"DEBUG=1",
					"$(inherited)",
				);
				GCC_WARN_64_TO_32_BIT_CONVERSION = YES;
				GCC_WARN_ABOUT_RETURN_TYPE = YES_ERROR;
				GCC_WARN_UNDECLARED_SELECTOR = YES;
				GCC_WARN_UNINITIALIZED_AUTOS = YES_AGGRESSIVE;
				GCC_WARN_UNUSED_FUNCTION = YES;
				GCC_WARN_UNUSED_VARIABLE = YES;
				IPHONEOS_DEPLOYMENT_TARGET = 17.4;
				LOCALIZATION_PREFERS_STRING_CATALOGS = YES;
				MTL_ENABLE_DEBUG_INFO = INCLUDE_SOURCE;
				MTL_FAST_MATH = YES;
				ONLY_ACTIVE_ARCH = YES;
				SDKROOT = iphoneos;
				SWIFT_ACTIVE_COMPILATION_CONDITIONS = "DEBUG $(inherited)";
				SWIFT_OPTIMIZATION_LEVEL = "-Onone";
			};
			name = Debug;
		};
		5EF5B81B2BA301BD00B5A79F /* Release */ = {
			isa = XCBuildConfiguration;
			buildSettings = {
				ALWAYS_SEARCH_USER_PATHS = NO;
				ASSETCATALOG_COMPILER_GENERATE_SWIFT_ASSET_SYMBOL_EXTENSIONS = YES;
				CLANG_ANALYZER_NONNULL = YES;
				CLANG_ANALYZER_NUMBER_OBJECT_CONVERSION = YES_AGGRESSIVE;
				CLANG_CXX_LANGUAGE_STANDARD = "gnu++20";
				CLANG_ENABLE_MODULES = YES;
				CLANG_ENABLE_OBJC_ARC = YES;
				CLANG_ENABLE_OBJC_WEAK = YES;
				CLANG_WARN_BLOCK_CAPTURE_AUTORELEASING = YES;
				CLANG_WARN_BOOL_CONVERSION = YES;
				CLANG_WARN_COMMA = YES;
				CLANG_WARN_CONSTANT_CONVERSION = YES;
				CLANG_WARN_DEPRECATED_OBJC_IMPLEMENTATIONS = YES;
				CLANG_WARN_DIRECT_OBJC_ISA_USAGE = YES_ERROR;
				CLANG_WARN_DOCUMENTATION_COMMENTS = YES;
				CLANG_WARN_EMPTY_BODY = YES;
				CLANG_WARN_ENUM_CONVERSION = YES;
				CLANG_WARN_INFINITE_RECURSION = YES;
				CLANG_WARN_INT_CONVERSION = YES;
				CLANG_WARN_NON_LITERAL_NULL_CONVERSION = YES;
				CLANG_WARN_OBJC_IMPLICIT_RETAIN_SELF = YES;
				CLANG_WARN_OBJC_LITERAL_CONVERSION = YES;
				CLANG_WARN_OBJC_ROOT_CLASS = YES_ERROR;
				CLANG_WARN_QUOTED_INCLUDE_IN_FRAMEWORK_HEADER = YES;
				CLANG_WARN_RANGE_LOOP_ANALYSIS = YES;
				CLANG_WARN_STRICT_PROTOTYPES = YES;
				CLANG_WARN_SUSPICIOUS_MOVE = YES;
				CLANG_WARN_UNGUARDED_AVAILABILITY = YES_AGGRESSIVE;
				CLANG_WARN_UNREACHABLE_CODE = YES;
				CLANG_WARN__DUPLICATE_METHOD_MATCH = YES;
				COPY_PHASE_STRIP = NO;
				DEBUG_INFORMATION_FORMAT = "dwarf-with-dsym";
				ENABLE_NS_ASSERTIONS = NO;
				ENABLE_STRICT_OBJC_MSGSEND = YES;
				ENABLE_USER_SCRIPT_SANDBOXING = YES;
				GCC_C_LANGUAGE_STANDARD = gnu17;
				GCC_NO_COMMON_BLOCKS = YES;
				GCC_WARN_64_TO_32_BIT_CONVERSION = YES;
				GCC_WARN_ABOUT_RETURN_TYPE = YES_ERROR;
				GCC_WARN_UNDECLARED_SELECTOR = YES;
				GCC_WARN_UNINITIALIZED_AUTOS = YES_AGGRESSIVE;
				GCC_WARN_UNUSED_FUNCTION = YES;
				GCC_WARN_UNUSED_VARIABLE = YES;
				IPHONEOS_DEPLOYMENT_TARGET = 17.4;
				LOCALIZATION_PREFERS_STRING_CATALOGS = YES;
				MTL_ENABLE_DEBUG_INFO = NO;
				MTL_FAST_MATH = YES;
				SDKROOT = iphoneos;
				SWIFT_COMPILATION_MODE = wholemodule;
				VALIDATE_PRODUCT = YES;
			};
			name = Release;
		};
		5EF5B81D2BA301BD00B5A79F /* Debug */ = {
			isa = XCBuildConfiguration;
			buildSettings = {
				ASSETCATALOG_COMPILER_APPICON_NAME = AppIcon;
				ASSETCATALOG_COMPILER_GLOBAL_ACCENT_COLOR_NAME = AccentColor;
				CODE_SIGN_STYLE = Automatic;
				CURRENT_PROJECT_VERSION = 1;
				DEVELOPMENT_TEAM = 87SSGGH7S6;
				GENERATE_INFOPLIST_FILE = YES;
				INFOPLIST_FILE = Test1/Info.plist;
				INFOPLIST_KEY_UIApplicationSupportsIndirectInputEvents = YES;
				INFOPLIST_KEY_UILaunchStoryboardName = LaunchScreen;
				INFOPLIST_KEY_UIMainStoryboardFile = Main;
				INFOPLIST_KEY_UISupportedInterfaceOrientations_iPad = "UIInterfaceOrientationPortrait UIInterfaceOrientationPortraitUpsideDown UIInterfaceOrientationLandscapeLeft UIInterfaceOrientationLandscapeRight";
				INFOPLIST_KEY_UISupportedInterfaceOrientations_iPhone = "UIInterfaceOrientationPortrait UIInterfaceOrientationLandscapeLeft UIInterfaceOrientationLandscapeRight";
				LD_RUNPATH_SEARCH_PATHS = (
					"$(inherited)",
					"@executable_path/Frameworks",
				);
				MARKETING_VERSION = 1.0;
				PRODUCT_BUNDLE_IDENTIFIER = tvRemoteControl.Test1;
				PRODUCT_NAME = "$(TARGET_NAME)";
				SWIFT_EMIT_LOC_STRINGS = YES;
				SWIFT_VERSION = 5.0;
				TARGETED_DEVICE_FAMILY = "1,2";
			};
			name = Debug;
		};
		5EF5B81E2BA301BD00B5A79F /* Release */ = {
			isa = XCBuildConfiguration;
			buildSettings = {
				ASSETCATALOG_COMPILER_APPICON_NAME = AppIcon;
				ASSETCATALOG_COMPILER_GLOBAL_ACCENT_COLOR_NAME = AccentColor;
				CODE_SIGN_STYLE = Automatic;
				CURRENT_PROJECT_VERSION = 1;
				DEVELOPMENT_TEAM = 87SSGGH7S6;
				GENERATE_INFOPLIST_FILE = YES;
				INFOPLIST_FILE = Test1/Info.plist;
				INFOPLIST_KEY_UIApplicationSupportsIndirectInputEvents = YES;
				INFOPLIST_KEY_UILaunchStoryboardName = LaunchScreen;
				INFOPLIST_KEY_UIMainStoryboardFile = Main;
				INFOPLIST_KEY_UISupportedInterfaceOrientations_iPad = "UIInterfaceOrientationPortrait UIInterfaceOrientationPortraitUpsideDown UIInterfaceOrientationLandscapeLeft UIInterfaceOrientationLandscapeRight";
				INFOPLIST_KEY_UISupportedInterfaceOrientations_iPhone = "UIInterfaceOrientationPortrait UIInterfaceOrientationLandscapeLeft UIInterfaceOrientationLandscapeRight";
				LD_RUNPATH_SEARCH_PATHS = (
					"$(inherited)",
					"@executable_path/Frameworks",
				);
				MARKETING_VERSION = 1.0;
				PRODUCT_BUNDLE_IDENTIFIER = tvRemoteControl.Test1;
				PRODUCT_NAME = "$(TARGET_NAME)";
				SWIFT_EMIT_LOC_STRINGS = YES;
				SWIFT_VERSION = 5.0;
				TARGETED_DEVICE_FAMILY = "1,2";
			};
			name = Release;
		};
		5EF5B8202BA301BD00B5A79F /* Debug */ = {
			isa = XCBuildConfiguration;
			buildSettings = {
				ALWAYS_EMBED_SWIFT_STANDARD_LIBRARIES = YES;
				BUNDLE_LOADER = "$(TEST_HOST)";
				CODE_SIGN_STYLE = Automatic;
				CURRENT_PROJECT_VERSION = 1;
				DEVELOPMENT_TEAM = 87SSGGH7S6;
				GENERATE_INFOPLIST_FILE = YES;
				IPHONEOS_DEPLOYMENT_TARGET = 17.4;
				MARKETING_VERSION = 1.0;
				PRODUCT_BUNDLE_IDENTIFIER = tvRemoteControl.Test1Tests;
				PRODUCT_NAME = "$(TARGET_NAME)";
				SWIFT_EMIT_LOC_STRINGS = NO;
				SWIFT_VERSION = 5.0;
				TARGETED_DEVICE_FAMILY = "1,2";
				TEST_HOST = "$(BUILT_PRODUCTS_DIR)/Test1.app/$(BUNDLE_EXECUTABLE_FOLDER_PATH)/Test1";
			};
			name = Debug;
		};
		5EF5B8212BA301BD00B5A79F /* Release */ = {
			isa = XCBuildConfiguration;
			buildSettings = {
				ALWAYS_EMBED_SWIFT_STANDARD_LIBRARIES = YES;
				BUNDLE_LOADER = "$(TEST_HOST)";
				CODE_SIGN_STYLE = Automatic;
				CURRENT_PROJECT_VERSION = 1;
				DEVELOPMENT_TEAM = 87SSGGH7S6;
				GENERATE_INFOPLIST_FILE = YES;
				IPHONEOS_DEPLOYMENT_TARGET = 17.4;
				MARKETING_VERSION = 1.0;
				PRODUCT_BUNDLE_IDENTIFIER = tvRemoteControl.Test1Tests;
				PRODUCT_NAME = "$(TARGET_NAME)";
				SWIFT_EMIT_LOC_STRINGS = NO;
				SWIFT_VERSION = 5.0;
				TARGETED_DEVICE_FAMILY = "1,2";
				TEST_HOST = "$(BUILT_PRODUCTS_DIR)/Test1.app/$(BUNDLE_EXECUTABLE_FOLDER_PATH)/Test1";
			};
			name = Release;
		};
		5EF5B8232BA301BD00B5A79F /* Debug */ = {
			isa = XCBuildConfiguration;
			buildSettings = {
				ALWAYS_EMBED_SWIFT_STANDARD_LIBRARIES = YES;
				CODE_SIGN_STYLE = Automatic;
				CURRENT_PROJECT_VERSION = 1;
				DEVELOPMENT_TEAM = 87SSGGH7S6;
				GENERATE_INFOPLIST_FILE = YES;
				MARKETING_VERSION = 1.0;
				PRODUCT_BUNDLE_IDENTIFIER = tvRemoteControl.Test1UITests;
				PRODUCT_NAME = "$(TARGET_NAME)";
				SWIFT_EMIT_LOC_STRINGS = NO;
				SWIFT_VERSION = 5.0;
				TARGETED_DEVICE_FAMILY = "1,2";
				TEST_TARGET_NAME = Test1;
			};
			name = Debug;
		};
		5EF5B8242BA301BD00B5A79F /* Release */ = {
			isa = XCBuildConfiguration;
			buildSettings = {
				ALWAYS_EMBED_SWIFT_STANDARD_LIBRARIES = YES;
				CODE_SIGN_STYLE = Automatic;
				CURRENT_PROJECT_VERSION = 1;
				DEVELOPMENT_TEAM = 87SSGGH7S6;
				GENERATE_INFOPLIST_FILE = YES;
				MARKETING_VERSION = 1.0;
				PRODUCT_BUNDLE_IDENTIFIER = tvRemoteControl.Test1UITests;
				PRODUCT_NAME = "$(TARGET_NAME)";
				SWIFT_EMIT_LOC_STRINGS = NO;
				SWIFT_VERSION = 5.0;
				TARGETED_DEVICE_FAMILY = "1,2";
				TEST_TARGET_NAME = Test1;
			};
			name = Release;
		};
/* End XCBuildConfiguration section */

/* Begin XCConfigurationList section */
		5EF5B7ED2BA301BB00B5A79F /* Build configuration list for PBXProject "OmgTest" */ = {
			isa = XCConfigurationList;
			buildConfigurations = (
				5EF5B81A2BA301BD00B5A79F /* Debug */,
				5EF5B81B2BA301BD00B5A79F /* Release */,
			);
			defaultConfigurationIsVisible = 0;
			defaultConfigurationName = Release;
		};
		5EF5B81C2BA301BD00B5A79F /* Build configuration list for PBXNativeTarget "Test1" */ = {
			isa = XCConfigurationList;
			buildConfigurations = (
				5EF5B81D2BA301BD00B5A79F /* Debug */,
				5EF5B81E2BA301BD00B5A79F /* Release */,
			);
			defaultConfigurationIsVisible = 0;
			defaultConfigurationName = Release;
		};
		5EF5B81F2BA301BD00B5A79F /* Build configuration list for PBXNativeTarget "Test1Tests" */ = {
			isa = XCConfigurationList;
			buildConfigurations = (
				5EF5B8202BA301BD00B5A79F /* Debug */,
				5EF5B8212BA301BD00B5A79F /* Release */,
			);
			defaultConfigurationIsVisible = 0;
			defaultConfigurationName = Release;
		};
		5EF5B8222BA301BD00B5A79F /* Build configuration list for PBXNativeTarget "Test1UITests" */ = {
			isa = XCConfigurationList;
			buildConfigurations = (
				5EF5B8232BA301BD00B5A79F /* Debug */,
				5EF5B8242BA301BD00B5A79F /* Release */,
			);
			defaultConfigurationIsVisible = 0;
			defaultConfigurationName = Release;
		};
/* End XCConfigurationList section */
	};
	rootObject = 5EF5B7EA2BA301BB00B5A79F /* Project object */;
}
